
Microsoft Visual Studio Solution File, Format Version 12.00
# Visual Studio Version 17
VisualStudioVersion = 17.9.34607.119
MinimumVisualStudioVersion = 10.0.40219.1
Project("{2150E333-8FDC-42A3-9474-1A3956D46DE8}") = "src", "src", "{613088D9-4B0F-4239-AFA2-ED2929C2B207}"
EndProject
Project("{2150E333-8FDC-42A3-9474-1A3956D46DE8}") = "Solution Items", "Solution Items", "{EAB6214D-E565-4AD5-B7DA-D02AC54A22E4}"
	ProjectSection(SolutionItems) = preProject
		ServiceUrls.txt = ServiceUrls.txt
	EndProjectSection
EndProject
Project("{2150E333-8FDC-42A3-9474-1A3956D46DE8}") = "ApiGateways", "ApiGateways", "{30B98DBD-A3B3-4566-9626-90C07EF0D655}"
EndProject
Project("{2150E333-8FDC-42A3-9474-1A3956D46DE8}") = "BuildingBlocks", "BuildingBlocks", "{61F410D7-9C48-4C6E-BB9E-798810726F72}"
EndProject
Project("{2150E333-8FDC-42A3-9474-1A3956D46DE8}") = "Services", "Services", "{0BBC84E7-F76E-4288-807E-776E4001D7EF}"
EndProject
Project("{2150E333-8FDC-42A3-9474-1A3956D46DE8}") = "Clients", "Clients", "{6BAE8B3E-8756-45FA-BB20-37A45549FEA5}"
EndProject
Project("{2150E333-8FDC-42A3-9474-1A3956D46DE8}") = "WebApiGateway", "WebApiGateway", "{D6D98F3D-6611-4F6D-A0CE-3EC3C16BCB35}"
EndProject
Project("{9A19103F-16F7-4668-BE54-9A1E7A4F7556}") = "Web.ApiGateway", "src\ApiGateways\WebApiGateway\Web.ApiGateway\Web.ApiGateway.csproj", "{FE2C6F51-976E-4A70-BF62-97E238802D5F}"
EndProject
Project("{2150E333-8FDC-42A3-9474-1A3956D46DE8}") = "EventBus", "EventBus", "{29913438-A52B-4834-A093-5D89C47E9FFA}"
EndProject
Project("{9A19103F-16F7-4668-BE54-9A1E7A4F7556}") = "EventBus.Base", "src\BuildingBlocks\EventBus\EventBus.Base\EventBus.Base.csproj", "{8C54605C-95EF-41FC-96EA-676252129455}"
EndProject
Project("{9A19103F-16F7-4668-BE54-9A1E7A4F7556}") = "EventBus.Factory", "src\BuildingBlocks\EventBus\EventBus.Factory\EventBus.Factory.csproj", "{AFDDBF4D-026B-4B34-BE56-871345574BB4}"
EndProject
Project("{9A19103F-16F7-4668-BE54-9A1E7A4F7556}") = "EventBus.AzureServiceBus", "src\BuildingBlocks\EventBus\EventBus.AzureServiceBus\EventBus.AzureServiceBus.csproj", "{7F120617-7A60-46A2-9844-63ADDA087CFA}"
EndProject
Project("{9A19103F-16F7-4668-BE54-9A1E7A4F7556}") = "EventBus.RabbitMQ", "src\BuildingBlocks\EventBus\EventBus.RabbitMQ\EventBus.RabbitMQ.csproj", "{D3AB4BFB-D29B-4464-B884-AFFD582B199C}"
EndProject
Project("{2150E333-8FDC-42A3-9474-1A3956D46DE8}") = "BlazorWebApp", "BlazorWebApp", "{02B18235-6F9C-42BE-88D3-B574A2486C9B}"
EndProject
Project("{9A19103F-16F7-4668-BE54-9A1E7A4F7556}") = "WebApp", "src\Clients\BlazorWebApp\WebApp\WebApp.csproj", "{70B68A7F-E671-4971-9012-14207DA2D995}"
EndProject
Project("{2150E333-8FDC-42A3-9474-1A3956D46DE8}") = "BasketService", "BasketService", "{49824131-27D5-4BE7-B15A-A31FE1239134}"
EndProject
Project("{9A19103F-16F7-4668-BE54-9A1E7A4F7556}") = "BasketService.Api", "src\Services\BasketService\BasketService.Api\BasketService.Api.csproj", "{A9D9B8EC-18FB-408D-AB6F-6CA82AFCF99B}"
EndProject
Project("{2150E333-8FDC-42A3-9474-1A3956D46DE8}") = "CatalogService", "CatalogService", "{FF450BAB-4892-4A0D-936A-81B41E817557}"
EndProject
Project("{9A19103F-16F7-4668-BE54-9A1E7A4F7556}") = "CatalogService.Api", "src\Services\CatalogService\CatalogService.Api\CatalogService.Api.csproj", "{B9A7CA5E-1D63-461C-BAAF-68200D07E4AC}"
EndProject
Project("{2150E333-8FDC-42A3-9474-1A3956D46DE8}") = "IdentityService", "IdentityService", "{B8682197-745A-48C5-B041-FA2FDFA3A44F}"
EndProject
Project("{9A19103F-16F7-4668-BE54-9A1E7A4F7556}") = "IdentityService.Api", "src\Services\IdentityService\IdentityService.Api\IdentityService.Api.csproj", "{1DCAC5B0-31A3-4B4D-AB13-F26A83F0821A}"
EndProject
Project("{2150E333-8FDC-42A3-9474-1A3956D46DE8}") = "NotificationService", "NotificationService", "{82DDDC73-E2B6-45EE-875A-FFC7EF6ACD3C}"
EndProject
Project("{9A19103F-16F7-4668-BE54-9A1E7A4F7556}") = "NotificationService", "src\Services\NotificationService\NotificationService\NotificationService.csproj", "{1C8DA1B5-DA9E-4560-8BEB-A4B68CF9893F}"
EndProject
Project("{2150E333-8FDC-42A3-9474-1A3956D46DE8}") = "OrderService", "OrderService", "{6C21B9A6-29AD-409C-9D17-060E72B0560F}"
EndProject
Project("{9A19103F-16F7-4668-BE54-9A1E7A4F7556}") = "OrderService.Domain", "src\Services\OrderService\OrderService.Domain\OrderService.Domain.csproj", "{F1D277DE-E588-4CFB-8443-5358B04B1930}"
EndProject
Project("{9A19103F-16F7-4668-BE54-9A1E7A4F7556}") = "OrderService.Infrastructure", "src\Services\OrderService\OrderService.Infrastructure\OrderService.Infrastructure.csproj", "{4985D51D-BA3A-4AFE-9520-1C11939B863F}"
EndProject
Project("{9A19103F-16F7-4668-BE54-9A1E7A4F7556}") = "OrderService.Application", "src\Services\OrderService\OrderService.Application\OrderService.Application.csproj", "{8A62723A-7A89-474E-AE49-65467A59FCD7}"
EndProject
Project("{9A19103F-16F7-4668-BE54-9A1E7A4F7556}") = "OrderService.Api", "src\Services\OrderService\OrderService.Api\OrderService.Api.csproj", "{188E11A7-D9E2-4CB1-9BE5-21FFFBBB4A6F}"
EndProject
Project("{2150E333-8FDC-42A3-9474-1A3956D46DE8}") = "PaymentService", "PaymentService", "{DC709E67-4F76-497D-9265-837DE2FBA5EE}"
EndProject
Project("{9A19103F-16F7-4668-BE54-9A1E7A4F7556}") = "PaymentService.Api", "src\Services\PaymentService\PaymentService.Api\PaymentService.Api.csproj", "{E0A5768D-FD7B-4F2F-8B06-53323E8589B1}"
EndProject
Project("{2150E333-8FDC-42A3-9474-1A3956D46DE8}") = "tests", "tests", "{D6357FF3-92D1-49CB-915F-8CB56BEF522D}"
EndProject
Project("{2150E333-8FDC-42A3-9474-1A3956D46DE8}") = "BuildingBlocks", "BuildingBlocks", "{A02EB43F-8DCD-4474-8C82-9938CE93C792}"
EndProject
Project("{9A19103F-16F7-4668-BE54-9A1E7A4F7556}") = "EventBus.UnitTest", "tests\BuildingBlocks\EventBus.UnitTest\EventBus.UnitTest.csproj", "{D79D93F6-9553-41C5-A412-6B5C25E86097}"
EndProject
Project("{2150E333-8FDC-42A3-9474-1A3956D46DE8}") = "consul", "consul", "{F8CDA3EC-B516-4901-948D-B299A85C4317}"
EndProject
Project("{2150E333-8FDC-42A3-9474-1A3956D46DE8}") = "rabbitmq", "rabbitmq", "{C88183FC-8CDB-43B9-9203-B46674685939}"
EndProject
Project("{2150E333-8FDC-42A3-9474-1A3956D46DE8}") = "redis", "redis", "{2E0F479A-0F2E-4CF8-B1C5-9A69F1314F36}"
EndProject
Project("{2150E333-8FDC-42A3-9474-1A3956D46DE8}") = "sqlserver", "sqlserver", "{59FD5D2F-52B8-4ED3-B1F1-5200F1C40C41}"
EndProject
Project("{2150E333-8FDC-42A3-9474-1A3956D46DE8}") = "docker-compose-files", "docker-compose-files", "{7731845B-BC8A-4E0C-8E26-55EEF965789C}"
EndProject
Global
	GlobalSection(SolutionConfigurationPlatforms) = preSolution
		Debug|Any CPU = Debug|Any CPU
		Release|Any CPU = Release|Any CPU
	EndGlobalSection
	GlobalSection(ProjectConfigurationPlatforms) = postSolution
		{FE2C6F51-976E-4A70-BF62-97E238802D5F}.Debug|Any CPU.ActiveCfg = Debug|Any CPU
		{FE2C6F51-976E-4A70-BF62-97E238802D5F}.Debug|Any CPU.Build.0 = Debug|Any CPU
		{FE2C6F51-976E-4A70-BF62-97E238802D5F}.Release|Any CPU.ActiveCfg = Release|Any CPU
		{FE2C6F51-976E-4A70-BF62-97E238802D5F}.Release|Any CPU.Build.0 = Release|Any CPU
		{8C54605C-95EF-41FC-96EA-676252129455}.Debug|Any CPU.ActiveCfg = Debug|Any CPU
		{8C54605C-95EF-41FC-96EA-676252129455}.Debug|Any CPU.Build.0 = Debug|Any CPU
		{8C54605C-95EF-41FC-96EA-676252129455}.Release|Any CPU.ActiveCfg = Release|Any CPU
		{8C54605C-95EF-41FC-96EA-676252129455}.Release|Any CPU.Build.0 = Release|Any CPU
		{AFDDBF4D-026B-4B34-BE56-871345574BB4}.Debug|Any CPU.ActiveCfg = Debug|Any CPU
		{AFDDBF4D-026B-4B34-BE56-871345574BB4}.Debug|Any CPU.Build.0 = Debug|Any CPU
		{AFDDBF4D-026B-4B34-BE56-871345574BB4}.Release|Any CPU.ActiveCfg = Release|Any CPU
		{AFDDBF4D-026B-4B34-BE56-871345574BB4}.Release|Any CPU.Build.0 = Release|Any CPU
		{7F120617-7A60-46A2-9844-63ADDA087CFA}.Debug|Any CPU.ActiveCfg = Debug|Any CPU
		{7F120617-7A60-46A2-9844-63ADDA087CFA}.Debug|Any CPU.Build.0 = Debug|Any CPU
		{7F120617-7A60-46A2-9844-63ADDA087CFA}.Release|Any CPU.ActiveCfg = Release|Any CPU
		{7F120617-7A60-46A2-9844-63ADDA087CFA}.Release|Any CPU.Build.0 = Release|Any CPU
		{D3AB4BFB-D29B-4464-B884-AFFD582B199C}.Debug|Any CPU.ActiveCfg = Debug|Any CPU
		{D3AB4BFB-D29B-4464-B884-AFFD582B199C}.Debug|Any CPU.Build.0 = Debug|Any CPU
		{D3AB4BFB-D29B-4464-B884-AFFD582B199C}.Release|Any CPU.ActiveCfg = Release|Any CPU
		{D3AB4BFB-D29B-4464-B884-AFFD582B199C}.Release|Any CPU.Build.0 = Release|Any CPU
		{70B68A7F-E671-4971-9012-14207DA2D995}.Debug|Any CPU.ActiveCfg = Debug|Any CPU
		{70B68A7F-E671-4971-9012-14207DA2D995}.Debug|Any CPU.Build.0 = Debug|Any CPU
		{70B68A7F-E671-4971-9012-14207DA2D995}.Release|Any CPU.ActiveCfg = Release|Any CPU
		{70B68A7F-E671-4971-9012-14207DA2D995}.Release|Any CPU.Build.0 = Release|Any CPU
		{A9D9B8EC-18FB-408D-AB6F-6CA82AFCF99B}.Debug|Any CPU.ActiveCfg = Debug|Any CPU
		{A9D9B8EC-18FB-408D-AB6F-6CA82AFCF99B}.Debug|Any CPU.Build.0 = Debug|Any CPU
		{A9D9B8EC-18FB-408D-AB6F-6CA82AFCF99B}.Release|Any CPU.ActiveCfg = Release|Any CPU
		{A9D9B8EC-18FB-408D-AB6F-6CA82AFCF99B}.Release|Any CPU.Build.0 = Release|Any CPU
		{B9A7CA5E-1D63-461C-BAAF-68200D07E4AC}.Debug|Any CPU.ActiveCfg = Debug|Any CPU
		{B9A7CA5E-1D63-461C-BAAF-68200D07E4AC}.Debug|Any CPU.Build.0 = Debug|Any CPU
		{B9A7CA5E-1D63-461C-BAAF-68200D07E4AC}.Release|Any CPU.ActiveCfg = Release|Any CPU
		{B9A7CA5E-1D63-461C-BAAF-68200D07E4AC}.Release|Any CPU.Build.0 = Release|Any CPU
		{1DCAC5B0-31A3-4B4D-AB13-F26A83F0821A}.Debug|Any CPU.ActiveCfg = Debug|Any CPU
		{1DCAC5B0-31A3-4B4D-AB13-F26A83F0821A}.Debug|Any CPU.Build.0 = Debug|Any CPU
		{1DCAC5B0-31A3-4B4D-AB13-F26A83F0821A}.Release|Any CPU.ActiveCfg = Release|Any CPU
		{1DCAC5B0-31A3-4B4D-AB13-F26A83F0821A}.Release|Any CPU.Build.0 = Release|Any CPU
		{1C8DA1B5-DA9E-4560-8BEB-A4B68CF9893F}.Debug|Any CPU.ActiveCfg = Debug|Any CPU
		{1C8DA1B5-DA9E-4560-8BEB-A4B68CF9893F}.Debug|Any CPU.Build.0 = Debug|Any CPU
		{1C8DA1B5-DA9E-4560-8BEB-A4B68CF9893F}.Release|Any CPU.ActiveCfg = Release|Any CPU
		{1C8DA1B5-DA9E-4560-8BEB-A4B68CF9893F}.Release|Any CPU.Build.0 = Release|Any CPU
		{F1D277DE-E588-4CFB-8443-5358B04B1930}.Debug|Any CPU.ActiveCfg = Debug|Any CPU
		{F1D277DE-E588-4CFB-8443-5358B04B1930}.Debug|Any CPU.Build.0 = Debug|Any CPU
		{F1D277DE-E588-4CFB-8443-5358B04B1930}.Release|Any CPU.ActiveCfg = Release|Any CPU
		{F1D277DE-E588-4CFB-8443-5358B04B1930}.Release|Any CPU.Build.0 = Release|Any CPU
		{4985D51D-BA3A-4AFE-9520-1C11939B863F}.Debug|Any CPU.ActiveCfg = Debug|Any CPU
		{4985D51D-BA3A-4AFE-9520-1C11939B863F}.Debug|Any CPU.Build.0 = Debug|Any CPU
		{4985D51D-BA3A-4AFE-9520-1C11939B863F}.Release|Any CPU.ActiveCfg = Release|Any CPU
		{4985D51D-BA3A-4AFE-9520-1C11939B863F}.Release|Any CPU.Build.0 = Release|Any CPU
		{8A62723A-7A89-474E-AE49-65467A59FCD7}.Debug|Any CPU.ActiveCfg = Debug|Any CPU
		{8A62723A-7A89-474E-AE49-65467A59FCD7}.Debug|Any CPU.Build.0 = Debug|Any CPU
		{8A62723A-7A89-474E-AE49-65467A59FCD7}.Release|Any CPU.ActiveCfg = Release|Any CPU
		{8A62723A-7A89-474E-AE49-65467A59FCD7}.Release|Any CPU.Build.0 = Release|Any CPU
		{188E11A7-D9E2-4CB1-9BE5-21FFFBBB4A6F}.Debug|Any CPU.ActiveCfg = Debug|Any CPU
		{188E11A7-D9E2-4CB1-9BE5-21FFFBBB4A6F}.Debug|Any CPU.Build.0 = Debug|Any CPU
		{188E11A7-D9E2-4CB1-9BE5-21FFFBBB4A6F}.Release|Any CPU.ActiveCfg = Release|Any CPU
		{188E11A7-D9E2-4CB1-9BE5-21FFFBBB4A6F}.Release|Any CPU.Build.0 = Release|Any CPU
		{E0A5768D-FD7B-4F2F-8B06-53323E8589B1}.Debug|Any CPU.ActiveCfg = Debug|Any CPU
		{E0A5768D-FD7B-4F2F-8B06-53323E8589B1}.Debug|Any CPU.Build.0 = Debug|Any CPU
		{E0A5768D-FD7B-4F2F-8B06-53323E8589B1}.Release|Any CPU.ActiveCfg = Release|Any CPU
		{E0A5768D-FD7B-4F2F-8B06-53323E8589B1}.Release|Any CPU.Build.0 = Release|Any CPU
		{D79D93F6-9553-41C5-A412-6B5C25E86097}.Debug|Any CPU.ActiveCfg = Debug|Any CPU
		{D79D93F6-9553-41C5-A412-6B5C25E86097}.Debug|Any CPU.Build.0 = Debug|Any CPU
		{D79D93F6-9553-41C5-A412-6B5C25E86097}.Release|Any CPU.ActiveCfg = Release|Any CPU
		{D79D93F6-9553-41C5-A412-6B5C25E86097}.Release|Any CPU.Build.0 = Release|Any CPU
	EndGlobalSection
	GlobalSection(SolutionProperties) = preSolution
		HideSolutionNode = FALSE
	EndGlobalSection
	GlobalSection(NestedProjects) = preSolution
		{30B98DBD-A3B3-4566-9626-90C07EF0D655} = {613088D9-4B0F-4239-AFA2-ED2929C2B207}
		{61F410D7-9C48-4C6E-BB9E-798810726F72} = {613088D9-4B0F-4239-AFA2-ED2929C2B207}
		{0BBC84E7-F76E-4288-807E-776E4001D7EF} = {613088D9-4B0F-4239-AFA2-ED2929C2B207}
		{6BAE8B3E-8756-45FA-BB20-37A45549FEA5} = {613088D9-4B0F-4239-AFA2-ED2929C2B207}
		{D6D98F3D-6611-4F6D-A0CE-3EC3C16BCB35} = {30B98DBD-A3B3-4566-9626-90C07EF0D655}
		{FE2C6F51-976E-4A70-BF62-97E238802D5F} = {D6D98F3D-6611-4F6D-A0CE-3EC3C16BCB35}
		{29913438-A52B-4834-A093-5D89C47E9FFA} = {61F410D7-9C48-4C6E-BB9E-798810726F72}
		{8C54605C-95EF-41FC-96EA-676252129455} = {29913438-A52B-4834-A093-5D89C47E9FFA}
		{AFDDBF4D-026B-4B34-BE56-871345574BB4} = {29913438-A52B-4834-A093-5D89C47E9FFA}
		{7F120617-7A60-46A2-9844-63ADDA087CFA} = {29913438-A52B-4834-A093-5D89C47E9FFA}
		{D3AB4BFB-D29B-4464-B884-AFFD582B199C} = {29913438-A52B-4834-A093-5D89C47E9FFA}
		{02B18235-6F9C-42BE-88D3-B574A2486C9B} = {6BAE8B3E-8756-45FA-BB20-37A45549FEA5}
		{70B68A7F-E671-4971-9012-14207DA2D995} = {02B18235-6F9C-42BE-88D3-B574A2486C9B}
		{49824131-27D5-4BE7-B15A-A31FE1239134} = {0BBC84E7-F76E-4288-807E-776E4001D7EF}
		{A9D9B8EC-18FB-408D-AB6F-6CA82AFCF99B} = {49824131-27D5-4BE7-B15A-A31FE1239134}
		{FF450BAB-4892-4A0D-936A-81B41E817557} = {0BBC84E7-F76E-4288-807E-776E4001D7EF}
		{B9A7CA5E-1D63-461C-BAAF-68200D07E4AC} = {FF450BAB-4892-4A0D-936A-81B41E817557}
		{B8682197-745A-48C5-B041-FA2FDFA3A44F} = {0BBC84E7-F76E-4288-807E-776E4001D7EF}
		{1DCAC5B0-31A3-4B4D-AB13-F26A83F0821A} = {B8682197-745A-48C5-B041-FA2FDFA3A44F}
		{82DDDC73-E2B6-45EE-875A-FFC7EF6ACD3C} = {0BBC84E7-F76E-4288-807E-776E4001D7EF}
		{1C8DA1B5-DA9E-4560-8BEB-A4B68CF9893F} = {82DDDC73-E2B6-45EE-875A-FFC7EF6ACD3C}
		{6C21B9A6-29AD-409C-9D17-060E72B0560F} = {0BBC84E7-F76E-4288-807E-776E4001D7EF}
		{F1D277DE-E588-4CFB-8443-5358B04B1930} = {6C21B9A6-29AD-409C-9D17-060E72B0560F}
		{4985D51D-BA3A-4AFE-9520-1C11939B863F} = {6C21B9A6-29AD-409C-9D17-060E72B0560F}
		{8A62723A-7A89-474E-AE49-65467A59FCD7} = {6C21B9A6-29AD-409C-9D17-060E72B0560F}
		{188E11A7-D9E2-4CB1-9BE5-21FFFBBB4A6F} = {6C21B9A6-29AD-409C-9D17-060E72B0560F}
		{DC709E67-4F76-497D-9265-837DE2FBA5EE} = {0BBC84E7-F76E-4288-807E-776E4001D7EF}
		{E0A5768D-FD7B-4F2F-8B06-53323E8589B1} = {DC709E67-4F76-497D-9265-837DE2FBA5EE}
		{A02EB43F-8DCD-4474-8C82-9938CE93C792} = {D6357FF3-92D1-49CB-915F-8CB56BEF522D}
		{D79D93F6-9553-41C5-A412-6B5C25E86097} = {A02EB43F-8DCD-4474-8C82-9938CE93C792}
		{F8CDA3EC-B516-4901-948D-B299A85C4317} = {7731845B-BC8A-4E0C-8E26-55EEF965789C}
		{C88183FC-8CDB-43B9-9203-B46674685939} = {7731845B-BC8A-4E0C-8E26-55EEF965789C}
		{2E0F479A-0F2E-4CF8-B1C5-9A69F1314F36} = {7731845B-BC8A-4E0C-8E26-55EEF965789C}
		{59FD5D2F-52B8-4ED3-B1F1-5200F1C40C41} = {7731845B-BC8A-4E0C-8E26-55EEF965789C}
	EndGlobalSection
	GlobalSection(ExtensibilityGlobals) = postSolution
		SolutionGuid = {E0B28EB2-EF14-489E-B57C-945A4FECE949}
	EndGlobalSection
EndGlobal
